// !$*UTF8*$!
{
	archiveVersion = 1;
	classes = {
	};
	objectVersion = 56;
	objects = {

/* Begin PBXBuildFile section */
		F1B86EF52C921CC900085E3A /* OnboardingView.swift in Sources */ = {isa = PBXBuildFile; fileRef = F1B86EF22C921CC900085E3A /* OnboardingView.swift */; };
		F1B86EF62C921CC900085E3A /* OnboardingViewDetails.swift in Sources */ = {isa = PBXBuildFile; fileRef = F1B86EF32C921CC900085E3A /* OnboardingViewDetails.swift */; };
		F1D9749A2C91B4C6006E028E /* SketchGalleryApp.swift in Sources */ = {isa = PBXBuildFile; fileRef = F1D974992C91B4C6006E028E /* SketchGalleryApp.swift */; };
		F1D9749C2C91B4C6006E028E /* GalleryView.swift in Sources */ = {isa = PBXBuildFile; fileRef = F1D9749B2C91B4C6006E028E /* GalleryView.swift */; };
		F1D9749E2C91B4C7006E028E /* Assets.xcassets in Resources */ = {isa = PBXBuildFile; fileRef = F1D9749D2C91B4C7006E028E /* Assets.xcassets */; };
		F1D974A12C91B4C7006E028E /* Preview Assets.xcassets in Resources */ = {isa = PBXBuildFile; fileRef = F1D974A02C91B4C7006E028E /* Preview Assets.xcassets */; };
		F1D974A92C91B4D4006E028E /* Sketch.swift in Sources */ = {isa = PBXBuildFile; fileRef = F1D974A82C91B4D4006E028E /* Sketch.swift */; };
		F1D974AC2C91B65D006E028E /* ImageHelper.swift in Sources */ = {isa = PBXBuildFile; fileRef = F1D974AB2C91B65D006E028E /* ImageHelper.swift */; };
		F1D974AE2C91B7A5006E028E /* GalleryDetailView.swift in Sources */ = {isa = PBXBuildFile; fileRef = F1D974AD2C91B7A5006E028E /* GalleryDetailView.swift */; };
		F1D974B02C91BB6C006E028E /* EditSketchView.swift in Sources */ = {isa = PBXBuildFile; fileRef = F1D974AF2C91BB6C006E028E /* EditSketchView.swift */; };
		F1D974B32C91C594006E028E /* TextHelper.swift in Sources */ = {isa = PBXBuildFile; fileRef = F1D974B22C91C594006E028E /* TextHelper.swift */; };
/* End PBXBuildFile section */

/* Begin PBXFileReference section */
		F1B86EF22C921CC900085E3A /* OnboardingView.swift */ = {isa = PBXFileReference; fileEncoding = 4; lastKnownFileType = sourcecode.swift; path = OnboardingView.swift; sourceTree = "<group>"; };
		F1B86EF32C921CC900085E3A /* OnboardingViewDetails.swift */ = {isa = PBXFileReference; fileEncoding = 4; lastKnownFileType = sourcecode.swift; path = OnboardingViewDetails.swift; sourceTree = "<group>"; };
		F1D974962C91B4C6006E028E /* SketchGallery.app */ = {isa = PBXFileReference; explicitFileType = wrapper.application; includeInIndex = 0; path = SketchGallery.app; sourceTree = BUILT_PRODUCTS_DIR; };
		F1D974992C91B4C6006E028E /* SketchGalleryApp.swift */ = {isa = PBXFileReference; lastKnownFileType = sourcecode.swift; path = SketchGalleryApp.swift; sourceTree = "<group>"; };
		F1D9749B2C91B4C6006E028E /* GalleryView.swift */ = {isa = PBXFileReference; lastKnownFileType = sourcecode.swift; path = GalleryView.swift; sourceTree = "<group>"; };
		F1D9749D2C91B4C7006E028E /* Assets.xcassets */ = {isa = PBXFileReference; lastKnownFileType = folder.assetcatalog; path = Assets.xcassets; sourceTree = "<group>"; };
		F1D974A02C91B4C7006E028E /* Preview Assets.xcassets */ = {isa = PBXFileReference; lastKnownFileType = folder.assetcatalog; path = "Preview Assets.xcassets"; sourceTree = "<group>"; };
		F1D974A82C91B4D4006E028E /* Sketch.swift */ = {isa = PBXFileReference; lastKnownFileType = sourcecode.swift; path = Sketch.swift; sourceTree = "<group>"; };
		F1D974AB2C91B65D006E028E /* ImageHelper.swift */ = {isa = PBXFileReference; lastKnownFileType = sourcecode.swift; path = ImageHelper.swift; sourceTree = "<group>"; };
		F1D974AD2C91B7A5006E028E /* GalleryDetailView.swift */ = {isa = PBXFileReference; lastKnownFileType = sourcecode.swift; path = GalleryDetailView.swift; sourceTree = "<group>"; };
		F1D974AF2C91BB6C006E028E /* EditSketchView.swift */ = {isa = PBXFileReference; lastKnownFileType = sourcecode.swift; path = EditSketchView.swift; sourceTree = "<group>"; };
		F1D974B22C91C594006E028E /* TextHelper.swift */ = {isa = PBXFileReference; lastKnownFileType = sourcecode.swift; path = TextHelper.swift; sourceTree = "<group>"; };
/* End PBXFileReference section */

/* Begin PBXFrameworksBuildPhase section */
		F1D974932C91B4C6006E028E /* Frameworks */ = {
			isa = PBXFrameworksBuildPhase;
			buildActionMask = 2147483647;
			files = (
			);
			runOnlyForDeploymentPostprocessing = 0;
		};
/* End PBXFrameworksBuildPhase section */

/* Begin PBXGroup section */
		F1B86EF42C921CC900085E3A /* Onboarding */ = {
			isa = PBXGroup;
			children = (
				F1B86EF22C921CC900085E3A /* OnboardingView.swift */,
				F1B86EF32C921CC900085E3A /* OnboardingViewDetails.swift */,
			);
			path = Onboarding;
			sourceTree = "<group>";
		};
		F1D9748D2C91B4C6006E028E = {
			isa = PBXGroup;
			children = (
				F1D974982C91B4C6006E028E /* SketchGallery */,
				F1D974972C91B4C6006E028E /* Products */,
			);
			sourceTree = "<group>";
		};
		F1D974972C91B4C6006E028E /* Products */ = {
			isa = PBXGroup;
			children = (
				F1D974962C91B4C6006E028E /* SketchGallery.app */,
			);
			name = Products;
			sourceTree = "<group>";
		};
		F1D974982C91B4C6006E028E /* SketchGallery */ = {
			isa = PBXGroup;
			children = (
				F1D974992C91B4C6006E028E /* SketchGalleryApp.swift */,
				F1B86EF42C921CC900085E3A /* Onboarding */,
				F1D974B42C91D08E006E028E /* Gallery */,
				F1D974AF2C91BB6C006E028E /* EditSketchView.swift */,
				F1D974AD2C91B7A5006E028E /* GalleryDetailView.swift */,
				F1D974A72C91B4CE006E028E /* Models */,
				F1D974AA2C91B655006E028E /* Helpers */,
				F1D9749D2C91B4C7006E028E /* Assets.xcassets */,
				F1D9749F2C91B4C7006E028E /* Preview Content */,
			);
			path = SketchGallery;
			sourceTree = "<group>";
		};
		F1D9749F2C91B4C7006E028E /* Preview Content */ = {
			isa = PBXGroup;
			children = (
				F1D974A02C91B4C7006E028E /* Preview Assets.xcassets */,
			);
			path = "Preview Content";
			sourceTree = "<group>";
		};
		F1D974A72C91B4CE006E028E /* Models */ = {
			isa = PBXGroup;
			children = (
				F1D974A82C91B4D4006E028E /* Sketch.swift */,
			);
			path = Models;
			sourceTree = "<group>";
		};
		F1D974AA2C91B655006E028E /* Helpers */ = {
			isa = PBXGroup;
			children = (
				F1D974AB2C91B65D006E028E /* ImageHelper.swift */,
				F1D974B22C91C594006E028E /* TextHelper.swift */,
			);
			path = Helpers;
			sourceTree = "<group>";
		};
		F1D974B42C91D08E006E028E /* Gallery */ = {
			isa = PBXGroup;
			children = (
				F1D9749B2C91B4C6006E028E /* GalleryView.swift */,
			);
			path = Gallery;
			sourceTree = "<group>";
		};
/* End PBXGroup section */

/* Begin PBXNativeTarget section */
		F1D974952C91B4C6006E028E /* SketchGallery */ = {
			isa = PBXNativeTarget;
			buildConfigurationList = F1D974A42C91B4C7006E028E /* Build configuration list for PBXNativeTarget "SketchGallery" */;
			buildPhases = (
				F1D974922C91B4C6006E028E /* Sources */,
				F1D974932C91B4C6006E028E /* Frameworks */,
				F1D974942C91B4C6006E028E /* Resources */,
			);
			buildRules = (
			);
			dependencies = (
			);
			name = SketchGallery;
			productName = SketchGallery;
			productReference = F1D974962C91B4C6006E028E /* SketchGallery.app */;
			productType = "com.apple.product-type.application";
		};
/* End PBXNativeTarget section */

/* Begin PBXProject section */
		F1D9748E2C91B4C6006E028E /* Project object */ = {
			isa = PBXProject;
			attributes = {
				BuildIndependentTargetsInParallel = 1;
				LastSwiftUpdateCheck = 1540;
				LastUpgradeCheck = 1540;
				TargetAttributes = {
					F1D974952C91B4C6006E028E = {
						CreatedOnToolsVersion = 15.4;
					};
				};
			};
			buildConfigurationList = F1D974912C91B4C6006E028E /* Build configuration list for PBXProject "SketchGallery" */;
			compatibilityVersion = "Xcode 14.0";
			developmentRegion = en;
			hasScannedForEncodings = 0;
			knownRegions = (
				en,
				Base,
			);
			mainGroup = F1D9748D2C91B4C6006E028E;
			productRefGroup = F1D974972C91B4C6006E028E /* Products */;
			projectDirPath = "";
			projectRoot = "";
			targets = (
				F1D974952C91B4C6006E028E /* SketchGallery */,
			);
		};
/* End PBXProject section */

/* Begin PBXResourcesBuildPhase section */
		F1D974942C91B4C6006E028E /* Resources */ = {
			isa = PBXResourcesBuildPhase;
			buildActionMask = 2147483647;
			files = (
				F1D974A12C91B4C7006E028E /* Preview Assets.xcassets in Resources */,
				F1D9749E2C91B4C7006E028E /* Assets.xcassets in Resources */,
			);
			runOnlyForDeploymentPostprocessing = 0;
		};
/* End PBXResourcesBuildPhase section */

/* Begin PBXSourcesBuildPhase section */
		F1D974922C91B4C6006E028E /* Sources */ = {
			isa = PBXSourcesBuildPhase;
			buildActionMask = 2147483647;
			files = (
				F1D974A92C91B4D4006E028E /* Sketch.swift in Sources */,
				F1D9749C2C91B4C6006E028E /* GalleryView.swift in Sources */,
				F1D974AE2C91B7A5006E028E /* GalleryDetailView.swift in Sources */,
				F1D974B02C91BB6C006E028E /* EditSketchView.swift in Sources */,
				F1D9749A2C91B4C6006E028E /* SketchGalleryApp.swift in Sources */,
				F1B86EF52C921CC900085E3A /* OnboardingView.swift in Sources */,
				F1D974AC2C91B65D006E028E /* ImageHelper.swift in Sources */,
				F1B86EF62C921CC900085E3A /* OnboardingViewDetails.swift in Sources */,
				F1D974B32C91C594006E028E /* TextHelper.swift in Sources */,
			);
			runOnlyForDeploymentPostprocessing = 0;
		};
/* End PBXSourcesBuildPhase section */

/* Begin XCBuildConfiguration section */
		F1D974A22C91B4C7006E028E /* Debug */ = {
			isa = XCBuildConfiguration;
			buildSettings = {
				ALWAYS_SEARCH_USER_PATHS = NO;
				ASSETCATALOG_COMPILER_GENERATE_SWIFT_ASSET_SYMBOL_EXTENSIONS = YES;
				CLANG_ANALYZER_NONNULL = YES;
				CLANG_ANALYZER_NUMBER_OBJECT_CONVERSION = YES_AGGRESSIVE;
				CLANG_CXX_LANGUAGE_STANDARD = "gnu++20";
				CLANG_ENABLE_MODULES = YES;
				CLANG_ENABLE_OBJC_ARC = YES;
				CLANG_ENABLE_OBJC_WEAK = YES;
				CLANG_WARN_BLOCK_CAPTURE_AUTORELEASING = YES;
				CLANG_WARN_BOOL_CONVERSION = YES;
				CLANG_WARN_COMMA = YES;
				CLANG_WARN_CONSTANT_CONVERSION = YES;
				CLANG_WARN_DEPRECATED_OBJC_IMPLEMENTATIONS = YES;
				CLANG_WARN_DIRECT_OBJC_ISA_USAGE = YES_ERROR;
				CLANG_WARN_DOCUMENTATION_COMMENTS = YES;
				CLANG_WARN_EMPTY_BODY = YES;
				CLANG_WARN_ENUM_CONVERSION = YES;
				CLANG_WARN_INFINITE_RECURSION = YES;
				CLANG_WARN_INT_CONVERSION = YES;
				CLANG_WARN_NON_LITERAL_NULL_CONVERSION = YES;
				CLANG_WARN_OBJC_IMPLICIT_RETAIN_SELF = YES;
				CLANG_WARN_OBJC_LITERAL_CONVERSION = YES;
				CLANG_WARN_OBJC_ROOT_CLASS = YES_ERROR;
				CLANG_WARN_QUOTED_INCLUDE_IN_FRAMEWORK_HEADER = YES;
				CLANG_WARN_RANGE_LOOP_ANALYSIS = YES;
				CLANG_WARN_STRICT_PROTOTYPES = YES;
				CLANG_WARN_SUSPICIOUS_MOVE = YES;
				CLANG_WARN_UNGUARDED_AVAILABILITY = YES_AGGRESSIVE;
				CLANG_WARN_UNREACHABLE_CODE = YES;
				CLANG_WARN__DUPLICATE_METHOD_MATCH = YES;
				COPY_PHASE_STRIP = NO;
				DEBUG_INFORMATION_FORMAT = dwarf;
				ENABLE_STRICT_OBJC_MSGSEND = YES;
				ENABLE_TESTABILITY = YES;
				ENABLE_USER_SCRIPT_SANDBOXING = YES;
				GCC_C_LANGUAGE_STANDARD = gnu17;
				GCC_DYNAMIC_NO_PIC = NO;
				GCC_NO_COMMON_BLOCKS = YES;
				GCC_OPTIMIZATION_LEVEL = 0;
				GCC_PREPROCESSOR_DEFINITIONS = (
					"DEBUG=1",
					"$(inherited)",
				);
				GCC_WARN_64_TO_32_BIT_CONVERSION = YES;
				GCC_WARN_ABOUT_RETURN_TYPE = YES_ERROR;
				GCC_WARN_UNDECLARED_SELECTOR = YES;
				GCC_WARN_UNINITIALIZED_AUTOS = YES_AGGRESSIVE;
				GCC_WARN_UNUSED_FUNCTION = YES;
				GCC_WARN_UNUSED_VARIABLE = YES;
				IPHONEOS_DEPLOYMENT_TARGET = 17.5;
				LOCALIZATION_PREFERS_STRING_CATALOGS = YES;
				MTL_ENABLE_DEBUG_INFO = INCLUDE_SOURCE;
				MTL_FAST_MATH = YES;
				ONLY_ACTIVE_ARCH = YES;
				SDKROOT = iphoneos;
				SWIFT_ACTIVE_COMPILATION_CONDITIONS = "DEBUG $(inherited)";
				SWIFT_OPTIMIZATION_LEVEL = "-Onone";
			};
			name = Debug;
		};
		F1D974A32C91B4C7006E028E /* Release */ = {
			isa = XCBuildConfiguration;
			buildSettings = {
				ALWAYS_SEARCH_USER_PATHS = NO;
				ASSETCATALOG_COMPILER_GENERATE_SWIFT_ASSET_SYMBOL_EXTENSIONS = YES;
				CLANG_ANALYZER_NONNULL = YES;
				CLANG_ANALYZER_NUMBER_OBJECT_CONVERSION = YES_AGGRESSIVE;
				CLANG_CXX_LANGUAGE_STANDARD = "gnu++20";
				CLANG_ENABLE_MODULES = YES;
				CLANG_ENABLE_OBJC_ARC = YES;
				CLANG_ENABLE_OBJC_WEAK = YES;
				CLANG_WARN_BLOCK_CAPTURE_AUTORELEASING = YES;
				CLANG_WARN_BOOL_CONVERSION = YES;
				CLANG_WARN_COMMA = YES;
				CLANG_WARN_CONSTANT_CONVERSION = YES;
				CLANG_WARN_DEPRECATED_OBJC_IMPLEMENTATIONS = YES;
				CLANG_WARN_DIRECT_OBJC_ISA_USAGE = YES_ERROR;
				CLANG_WARN_DOCUMENTATION_COMMENTS = YES;
				CLANG_WARN_EMPTY_BODY = YES;
				CLANG_WARN_ENUM_CONVERSION = YES;
				CLANG_WARN_INFINITE_RECURSION = YES;
				CLANG_WARN_INT_CONVERSION = YES;
				CLANG_WARN_NON_LITERAL_NULL_CONVERSION = YES;
				CLANG_WARN_OBJC_IMPLICIT_RETAIN_SELF = YES;
				CLANG_WARN_OBJC_LITERAL_CONVERSION = YES;
				CLANG_WARN_OBJC_ROOT_CLASS = YES_ERROR;
				CLANG_WARN_QUOTED_INCLUDE_IN_FRAMEWORK_HEADER = YES;
				CLANG_WARN_RANGE_LOOP_ANALYSIS = YES;
				CLANG_WARN_STRICT_PROTOTYPES = YES;
				CLANG_WARN_SUSPICIOUS_MOVE = YES;
				CLANG_WARN_UNGUARDED_AVAILABILITY = YES_AGGRESSIVE;
				CLANG_WARN_UNREACHABLE_CODE = YES;
				CLANG_WARN__DUPLICATE_METHOD_MATCH = YES;
				COPY_PHASE_STRIP = NO;
				DEBUG_INFORMATION_FORMAT = "dwarf-with-dsym";
				ENABLE_NS_ASSERTIONS = NO;
				ENABLE_STRICT_OBJC_MSGSEND = YES;
				ENABLE_USER_SCRIPT_SANDBOXING = YES;
				GCC_C_LANGUAGE_STANDARD = gnu17;
				GCC_NO_COMMON_BLOCKS = YES;
				GCC_WARN_64_TO_32_BIT_CONVERSION = YES;
				GCC_WARN_ABOUT_RETURN_TYPE = YES_ERROR;
				GCC_WARN_UNDECLARED_SELECTOR = YES;
				GCC_WARN_UNINITIALIZED_AUTOS = YES_AGGRESSIVE;
				GCC_WARN_UNUSED_FUNCTION = YES;
				GCC_WARN_UNUSED_VARIABLE = YES;
				IPHONEOS_DEPLOYMENT_TARGET = 17.5;
				LOCALIZATION_PREFERS_STRING_CATALOGS = YES;
				MTL_ENABLE_DEBUG_INFO = NO;
				MTL_FAST_MATH = YES;
				SDKROOT = iphoneos;
				SWIFT_COMPILATION_MODE = wholemodule;
				VALIDATE_PRODUCT = YES;
			};
			name = Release;
		};
		F1D974A52C91B4C7006E028E /* Debug */ = {
			isa = XCBuildConfiguration;
			buildSettings = {
				ASSETCATALOG_COMPILER_APPICON_NAME = AppIcon;
				ASSETCATALOG_COMPILER_GLOBAL_ACCENT_COLOR_NAME = AccentColor;
				CODE_SIGN_STYLE = Automatic;
				CURRENT_PROJECT_VERSION = 1;
				DEVELOPMENT_ASSET_PATHS = "\"SketchGallery/Preview Content\"";
				DEVELOPMENT_TEAM = 6L4GZV743V;
				ENABLE_PREVIEWS = YES;
				GENERATE_INFOPLIST_FILE = YES;
				INFOPLIST_KEY_UIApplicationSceneManifest_Generation = YES;
				INFOPLIST_KEY_UIApplicationSupportsIndirectInputEvents = YES;
				INFOPLIST_KEY_UILaunchScreen_Generation = YES;
				INFOPLIST_KEY_UISupportedInterfaceOrientations_iPad = "UIInterfaceOrientationPortrait UIInterfaceOrientationPortraitUpsideDown UIInterfaceOrientationLandscapeLeft UIInterfaceOrientationLandscapeRight";
				INFOPLIST_KEY_UISupportedInterfaceOrientations_iPhone = "UIInterfaceOrientationPortrait UIInterfaceOrientationLandscapeLeft UIInterfaceOrientationLandscapeRight";
				LD_RUNPATH_SEARCH_PATHS = (
					"$(inherited)",
					"@executable_path/Frameworks",
				);
				MARKETING_VERSION = 1.0;
				PRODUCT_BUNDLE_IDENTIFIER = com.drb.SketchGallery;
				PRODUCT_NAME = "$(TARGET_NAME)";
				SWIFT_EMIT_LOC_STRINGS = YES;
				SWIFT_VERSION = 5.0;
				TARGETED_DEVICE_FAMILY = "1,2";
			};
			name = Debug;
		};
		F1D974A62C91B4C7006E028E /* Release */ = {
			isa = XCBuildConfiguration;
			buildSettings = {
				ASSETCATALOG_COMPILER_APPICON_NAME = AppIcon;
				ASSETCATALOG_COMPILER_GLOBAL_ACCENT_COLOR_NAME = AccentColor;
				CODE_SIGN_STYLE = Automatic;
				CURRENT_PROJECT_VERSION = 1;
				DEVELOPMENT_ASSET_PATHS = "\"SketchGallery/Preview Content\"";
				DEVELOPMENT_TEAM = 6L4GZV743V;
				ENABLE_PREVIEWS = YES;
				GENERATE_INFOPLIST_FILE = YES;
				INFOPLIST_KEY_UIApplicationSceneManifest_Generation = YES;
				INFOPLIST_KEY_UIApplicationSupportsIndirectInputEvents = YES;
				INFOPLIST_KEY_UILaunchScreen_Generation = YES;
				INFOPLIST_KEY_UISupportedInterfaceOrientations_iPad = "UIInterfaceOrientationPortrait UIInterfaceOrientationPortraitUpsideDown UIInterfaceOrientationLandscapeLeft UIInterfaceOrientationLandscapeRight";
				INFOPLIST_KEY_UISupportedInterfaceOrientations_iPhone = "UIInterfaceOrientationPortrait UIInterfaceOrientationLandscapeLeft UIInterfaceOrientationLandscapeRight";
				LD_RUNPATH_SEARCH_PATHS = (
					"$(inherited)",
					"@executable_path/Frameworks",
				);
				MARKETING_VERSION = 1.0;
				PRODUCT_BUNDLE_IDENTIFIER = com.drb.SketchGallery;
				PRODUCT_NAME = "$(TARGET_NAME)";
				SWIFT_EMIT_LOC_STRINGS = YES;
				SWIFT_VERSION = 5.0;
				TARGETED_DEVICE_FAMILY = "1,2";
			};
			name = Release;
		};
/* End XCBuildConfiguration section */

/* Begin XCConfigurationList section */
		F1D974912C91B4C6006E028E /* Build configuration list for PBXProject "SketchGallery" */ = {
			isa = XCConfigurationList;
			buildConfigurations = (
				F1D974A22C91B4C7006E028E /* Debug */,
				F1D974A32C91B4C7006E028E /* Release */,
			);
			defaultConfigurationIsVisible = 0;
			defaultConfigurationName = Release;
		};
		F1D974A42C91B4C7006E028E /* Build configuration list for PBXNativeTarget "SketchGallery" */ = {
			isa = XCConfigurationList;
			buildConfigurations = (
				F1D974A52C91B4C7006E028E /* Debug */,
				F1D974A62C91B4C7006E028E /* Release */,
			);
			defaultConfigurationIsVisible = 0;
			defaultConfigurationName = Release;
		};
/* End XCConfigurationList section */
	};
	rootObject = F1D9748E2C91B4C6006E028E /* Project object */;
}
